
Microsoft Visual Studio Solution File, Format Version 11.00
# CopernicusIsolatedShell Solution File, Format Version 11.00
Project("{AC959CD1-5A2C-4306-BE72-259804B01F08}") = "CTS_CSC_Electrolux_Addon (In Development)", "Y7OUE035Y.myproj", "{C5685D7F-D8B6-46F5-AEF5-B3F72F3004E8}"
EndProject
Global
	GlobalSection(SolutionConfigurationPlatforms) = preSolution
		Debug|x86 = Debug|x86
	EndGlobalSection
	GlobalSection(ProjectConfigurationPlatforms) = postSolution
		{C5685D7F-D8B6-46F5-AEF5-B3F72F3004E8}.Debug|x86.ActiveCfg = Debug|x86
		{C5685D7F-D8B6-46F5-AEF5-B3F72F3004E8}.Debug|x86.Build.0 = Debug|x86
	EndGlobalSection
	GlobalSection(SolutionProperties) = preSolution
		HideSolutionNode = FALSE
	EndGlobalSection
EndGlobal
